
Microsoft Visual Studio Solution File, Format Version 11.00
# Visual Studio 2010
Project("{FAE04EC0-301F-11D3-BF4B-00C04F79EFBC}") = "WP7Pivot", "WP7Pivot\WP7Pivot.csproj", "{FEFE9844-D75C-417C-812F-E7BD19EE4C1B}"
EndProject
Global
	GlobalSection(SolutionConfigurationPlatforms) = preSolution
		Debug|Any CPU = Debug|Any CPU
		Release|Any CPU = Release|Any CPU
	EndGlobalSection
	GlobalSection(ProjectConfigurationPlatforms) = postSolution
		{FEFE9844-D75C-417C-812F-E7BD19EE4C1B}.Debug|Any CPU.ActiveCfg = Debug|Any CPU
		{FEFE9844-D75C-417C-812F-E7BD19EE4C1B}.Debug|Any CPU.Build.0 = Debug|Any CPU
		{FEFE9844-D75C-417C-812F-E7BD19EE4C1B}.Debug|Any CPU.Deploy.0 = Debug|Any CPU
		{FEFE9844-D75C-417C-812F-E7BD19EE4C1B}.Release|Any CPU.ActiveCfg = Release|Any CPU
		{FEFE9844-D75C-417C-812F-E7BD19EE4C1B}.Release|Any CPU.Build.0 = Release|Any CPU
		{FEFE9844-D75C-417C-812F-E7BD19EE4C1B}.Release|Any CPU.Deploy.0 = Release|Any CPU
	EndGlobalSection
	GlobalSection(SolutionProperties) = preSolution
		HideSolutionNode = FALSE
	EndGlobalSection
EndGlobal
